
Microsoft Visual Studio Solution File, Format Version 12.00
# Visual Studio Version 16
VisualStudioVersion = 16.0.32630.194
MinimumVisualStudioVersion = 10.0.40219.1
Project("{FAE04EC0-301F-11D3-BF4B-00C04F79EFBC}") = "Clearence", "Clearence\Clearence.csproj", "{706BCDE6-8D8F-419D-AA6E-51EF12C83474}"
EndProject
Global
	GlobalSection(SolutionConfigurationPlatforms) = preSolution
		Debug|Any CPU = Debug|Any CPU
		Release|Any CPU = Release|Any CPU
	EndGlobalSection
	GlobalSection(ProjectConfigurationPlatforms) = postSolution
		{706BCDE6-8D8F-419D-AA6E-51EF12C83474}.Debug|Any CPU.ActiveCfg = Debug|Any CPU
		{706BCDE6-8D8F-419D-AA6E-51EF12C83474}.Debug|Any CPU.Build.0 = Debug|Any CPU
		{706BCDE6-8D8F-419D-AA6E-51EF12C83474}.Release|Any CPU.ActiveCfg = Release|Any CPU
		{706BCDE6-8D8F-419D-AA6E-51EF12C83474}.Release|Any CPU.Build.0 = Release|Any CPU
	EndGlobalSection
	GlobalSection(SolutionProperties) = preSolution
		HideSolutionNode = FALSE
	EndGlobalSection
	GlobalSection(ExtensibilityGlobals) = postSolution
		SolutionGuid = {311B7831-1B42-49D3-8738-6E7CC373AFA3}
	EndGlobalSection
EndGlobal
